<?xml version="1.0" encoding="UTF-8" standalone="yes" ?>
<CodeBlocks_project_file>
	<FileVersion major="1" minor="6" />
	<Project>
		<Option title="JVM" />
		<Option pch_mode="2" />
		<Option compiler="gcc" />
		<Build>
			<Target title="Debug">
				<Option output="bin/Debug/JVM" prefix_auto="1" extension_auto="1" />
				<Option object_output="obj/Debug/" />
				<Option type="1" />
				<Option compiler="gcc" />
				<Compiler>
					<Add option="-g" />
				</Compiler>
			</Target>
			<Target title="Release">
				<Option output="bin/Release/JVM" prefix_auto="1" extension_auto="1" />
				<Option object_output="obj/Release/" />
				<Option type="1" />
				<Option compiler="gcc" />
				<Compiler>
					<Add option="-O2" />
				</Compiler>
				<Linker>
					<Add option="-s" />
				</Linker>
			</Target>
		</Build>
		<Compiler>
			<Add option="-Wall" />
		</Compiler>
		<Unit filename="ArithmeticInstructions.c">
			<Option compilerVar="CC" />
		</Unit>
		<Unit filename="ArithmeticInstructions.h" />
		<Unit filename="AuxiliarFunctions.c">
			<Option compilerVar="CC" />
		</Unit>
		<Unit filename="AuxiliarFunctions.h" />
		<Unit filename="ClassLoader.c">
			<Option compilerVar="CC" />
		</Unit>
		<Unit filename="ClassLoader.h" />
		<Unit filename="ClassStructure.h" />
		<Unit filename="ControlTransferInstructions.c">
			<Option compilerVar="CC" />
		</Unit>
		<Unit filename="ControlTransferInstructions.h" />
		<Unit filename="Controller.c">
			<Option compilerVar="CC" />
		</Unit>
		<Unit filename="Controller.h" />
		<Unit filename="InstructionManager.c">
			<Option compilerVar="CC" />
		</Unit>
		<Unit filename="InstructionManager.h" />
		<Unit filename="JVM.c">
			<Option compilerVar="CC" />
		</Unit>
		<Unit filename="JVM.cbp" />
		<Unit filename="LoadAndStoreInstructions.c">
			<Option compilerVar="CC" />
		</Unit>
		<Unit filename="LoadAndStoreInstructions.h" />
		<Unit filename="MethodInvocationInstructions.c">
			<Option compilerVar="CC" />
		</Unit>
		<Unit filename="MethodInvocationInstructions.h" />
		<Unit filename="ObjectInstructions.c">
			<Option compilerVar="CC" />
		</Unit>
		<Unit filename="ObjectInstructions.h" />
		<Unit filename="OperandStackInstructions.c">
			<Option compilerVar="CC" />
		</Unit>
		<Unit filename="OperandStackInstructions.h" />
		<Unit filename="ReturnInstructions.c">
			<Option compilerVar="CC" />
		</Unit>
		<Unit filename="ReturnInstructions.h" />
		<Unit filename="TypeConversionInstructions.c">
			<Option compilerVar="CC" />
		</Unit>
		<Unit filename="TypeConversionInstructions.h" />
		<Extensions>
			<code_completion />
			<envvars />
			<debugger />
			<lib_finder disable_auto="1" />
		</Extensions>
	</Project>
</CodeBlocks_project_file>
